
Microsoft Visual Studio Solution File, Format Version 12.00
# Visual Studio 15
VisualStudioVersion = 15.0.28010.2026
MinimumVisualStudioVersion = 10.0.40219.1
Project("{FAE04EC0-301F-11D3-BF4B-00C04F79EFBC}") = "BilletLibrary", "BilletLibrary\BilletLibrary.csproj", "{3E64C8D7-C627-4263-8CAA-E7D928253A43}"
EndProject
Global
	GlobalSection(SolutionConfigurationPlatforms) = preSolution
		Debug|Any CPU = Debug|Any CPU
		Release|Any CPU = Release|Any CPU
	EndGlobalSection
	GlobalSection(ProjectConfigurationPlatforms) = postSolution
		{3E64C8D7-C627-4263-8CAA-E7D928253A43}.Debug|Any CPU.ActiveCfg = Debug|Any CPU
		{3E64C8D7-C627-4263-8CAA-E7D928253A43}.Debug|Any CPU.Build.0 = Debug|Any CPU
		{3E64C8D7-C627-4263-8CAA-E7D928253A43}.Release|Any CPU.ActiveCfg = Release|Any CPU
		{3E64C8D7-C627-4263-8CAA-E7D928253A43}.Release|Any CPU.Build.0 = Release|Any CPU
	EndGlobalSection
	GlobalSection(SolutionProperties) = preSolution
		HideSolutionNode = FALSE
	EndGlobalSection
	GlobalSection(ExtensibilityGlobals) = postSolution
		SolutionGuid = {EF019003-0057-4357-9126-A15FCE2E89F2}
	EndGlobalSection
EndGlobal
